
Microsoft Visual Studio Solution File, Format Version 12.00
# Visual Studio Version 17
VisualStudioVersion = 17.3.32901.215
MinimumVisualStudioVersion = 10.0.40219.1
Project("{FAE04EC0-301F-11D3-BF4B-00C04F79EFBC}") = "Client_Mvc", "Client_Mvc\Client_Mvc.csproj", "{30C21668-A8BE-49E0-A106-8B72F3B23DFB}"
EndProject
Global
	GlobalSection(SolutionConfigurationPlatforms) = preSolution
		Debug|Any CPU = Debug|Any CPU
		Release|Any CPU = Release|Any CPU
	EndGlobalSection
	GlobalSection(ProjectConfigurationPlatforms) = postSolution
		{30C21668-A8BE-49E0-A106-8B72F3B23DFB}.Debug|Any CPU.ActiveCfg = Debug|Any CPU
		{30C21668-A8BE-49E0-A106-8B72F3B23DFB}.Debug|Any CPU.Build.0 = Debug|Any CPU
		{30C21668-A8BE-49E0-A106-8B72F3B23DFB}.Release|Any CPU.ActiveCfg = Release|Any CPU
		{30C21668-A8BE-49E0-A106-8B72F3B23DFB}.Release|Any CPU.Build.0 = Release|Any CPU
	EndGlobalSection
	GlobalSection(SolutionProperties) = preSolution
		HideSolutionNode = FALSE
	EndGlobalSection
	GlobalSection(ExtensibilityGlobals) = postSolution
		SolutionGuid = {27B19C4C-5B2F-4355-947A-5413AF2FB21D}
	EndGlobalSection
EndGlobal
